
Microsoft Visual Studio Solution File, Format Version 12.00
# Visual Studio 15
VisualStudioVersion = 15.0.27703.2035
MinimumVisualStudioVersion = 10.0.40219.1
Project("{FAE04EC0-301F-11D3-BF4B-00C04F79EFBC}") = "ControlTestClient", "ControlTestClient\ControlTestClient.csproj", "{8022EADD-F400-42F2-8A32-14527793E165}"
EndProject
Global
	GlobalSection(SolutionConfigurationPlatforms) = preSolution
		Debug|Any CPU = Debug|Any CPU
		Release|Any CPU = Release|Any CPU
	EndGlobalSection
	GlobalSection(ProjectConfigurationPlatforms) = postSolution
		{8022EADD-F400-42F2-8A32-14527793E165}.Debug|Any CPU.ActiveCfg = Debug|Any CPU
		{8022EADD-F400-42F2-8A32-14527793E165}.Debug|Any CPU.Build.0 = Debug|Any CPU
		{8022EADD-F400-42F2-8A32-14527793E165}.Release|Any CPU.ActiveCfg = Release|Any CPU
		{8022EADD-F400-42F2-8A32-14527793E165}.Release|Any CPU.Build.0 = Release|Any CPU
	EndGlobalSection
	GlobalSection(SolutionProperties) = preSolution
		HideSolutionNode = FALSE
	EndGlobalSection
	GlobalSection(ExtensibilityGlobals) = postSolution
		SolutionGuid = {9F016464-A97A-4F7E-96D9-83204D85BE91}
	EndGlobalSection
EndGlobal
